
Microsoft Visual Studio Solution File, Format Version 12.00
# Visual Studio Version 17
VisualStudioVersion = 17.2.32516.85
MinimumVisualStudioVersion = 10.0.40219.1
Project("{FAE04EC0-301F-11D3-BF4B-00C04F79EFBC}") = "UnitTesting", "UnitTesting\UnitTesting.csproj", "{97BC59CE-8A91-4B3B-A3DC-C5FA2AC68F65}"
EndProject
Project("{FAE04EC0-301F-11D3-BF4B-00C04F79EFBC}") = "BankTests", "BankTests\BankTests.csproj", "{B61E8CAA-D9F8-406A-AA0A-1B62FF3A391C}"
EndProject
Global
	GlobalSection(SolutionConfigurationPlatforms) = preSolution
		Debug|Any CPU = Debug|Any CPU
		Release|Any CPU = Release|Any CPU
	EndGlobalSection
	GlobalSection(ProjectConfigurationPlatforms) = postSolution
		{97BC59CE-8A91-4B3B-A3DC-C5FA2AC68F65}.Debug|Any CPU.ActiveCfg = Debug|Any CPU
		{97BC59CE-8A91-4B3B-A3DC-C5FA2AC68F65}.Debug|Any CPU.Build.0 = Debug|Any CPU
		{97BC59CE-8A91-4B3B-A3DC-C5FA2AC68F65}.Release|Any CPU.ActiveCfg = Release|Any CPU
		{97BC59CE-8A91-4B3B-A3DC-C5FA2AC68F65}.Release|Any CPU.Build.0 = Release|Any CPU
		{B61E8CAA-D9F8-406A-AA0A-1B62FF3A391C}.Debug|Any CPU.ActiveCfg = Debug|Any CPU
		{B61E8CAA-D9F8-406A-AA0A-1B62FF3A391C}.Debug|Any CPU.Build.0 = Debug|Any CPU
		{B61E8CAA-D9F8-406A-AA0A-1B62FF3A391C}.Release|Any CPU.ActiveCfg = Release|Any CPU
		{B61E8CAA-D9F8-406A-AA0A-1B62FF3A391C}.Release|Any CPU.Build.0 = Release|Any CPU
	EndGlobalSection
	GlobalSection(SolutionProperties) = preSolution
		HideSolutionNode = FALSE
	EndGlobalSection
	GlobalSection(ExtensibilityGlobals) = postSolution
		SolutionGuid = {E4CBA1A9-99C6-4391-8A0E-BC19E86AD90D}
	EndGlobalSection
EndGlobal
